
Microsoft Visual Studio Solution File, Format Version 12.00
# Visual Studio Version 17
VisualStudioVersion = 17.5.33424.131
MinimumVisualStudioVersion = 10.0.40219.1
Project("{FAE04EC0-301F-11D3-BF4B-00C04F79EFBC}") = "TravelTripProje", "TravelTripProje\TravelTripProje.csproj", "{6379E0BD-CFB3-491D-A59A-86D6CD85E3CB}"
EndProject
Global
	GlobalSection(SolutionConfigurationPlatforms) = preSolution
		Debug|Any CPU = Debug|Any CPU
		Release|Any CPU = Release|Any CPU
	EndGlobalSection
	GlobalSection(ProjectConfigurationPlatforms) = postSolution
		{6379E0BD-CFB3-491D-A59A-86D6CD85E3CB}.Debug|Any CPU.ActiveCfg = Debug|Any CPU
		{6379E0BD-CFB3-491D-A59A-86D6CD85E3CB}.Debug|Any CPU.Build.0 = Debug|Any CPU
		{6379E0BD-CFB3-491D-A59A-86D6CD85E3CB}.Release|Any CPU.ActiveCfg = Release|Any CPU
		{6379E0BD-CFB3-491D-A59A-86D6CD85E3CB}.Release|Any CPU.Build.0 = Release|Any CPU
	EndGlobalSection
	GlobalSection(SolutionProperties) = preSolution
		HideSolutionNode = FALSE
	EndGlobalSection
	GlobalSection(ExtensibilityGlobals) = postSolution
		SolutionGuid = {839CC56B-BC11-4AEC-9F14-1E07C7399778}
	EndGlobalSection
EndGlobal
